
Microsoft Visual Studio Solution File, Format Version 12.00
# Visual Studio Version 16
VisualStudioVersion = 16.0.30717.126
MinimumVisualStudioVersion = 10.0.40219.1
Project("{FAE04EC0-301F-11D3-BF4B-00C04F79EFBC}") = "Inlamningsuppgift_1", "Inlamningsuppgift_1\Inlamningsuppgift_1.csproj", "{9639E379-624B-4142-B04F-F86398951C75}"
EndProject
Global
	GlobalSection(SolutionConfigurationPlatforms) = preSolution
		Debug|Any CPU = Debug|Any CPU
		Release|Any CPU = Release|Any CPU
	EndGlobalSection
	GlobalSection(ProjectConfigurationPlatforms) = postSolution
		{9639E379-624B-4142-B04F-F86398951C75}.Debug|Any CPU.ActiveCfg = Debug|Any CPU
		{9639E379-624B-4142-B04F-F86398951C75}.Debug|Any CPU.Build.0 = Debug|Any CPU
		{9639E379-624B-4142-B04F-F86398951C75}.Release|Any CPU.ActiveCfg = Release|Any CPU
		{9639E379-624B-4142-B04F-F86398951C75}.Release|Any CPU.Build.0 = Release|Any CPU
	EndGlobalSection
	GlobalSection(SolutionProperties) = preSolution
		HideSolutionNode = FALSE
	EndGlobalSection
	GlobalSection(ExtensibilityGlobals) = postSolution
		SolutionGuid = {F4332D1B-CFC8-4BE5-9D00-E7039DC79382}
	EndGlobalSection
EndGlobal
